Microsoft Visual Studio Solution File, Format Version 12.00
# Visual Studio Version 17
VisualStudioVersion = 17.13.35931.197 d17.13
MinimumVisualStudioVersion = 10.0.40219.1
Project("{FAE04EC0-301F-11D3-BF4B-00C04F79EFBC}") = "Critters.Aspire.AppHost", "Critters.Aspire.AppHost\Critters.Aspire.AppHost.csproj", "{373DFAF8-29D7-4D78-AF8B-1F631F96EF5C}"
EndProject
Project("{FAE04EC0-301F-11D3-BF4B-00C04F79EFBC}") = "Critters.Aspire.ServiceDefaults", "Critters.Aspire.ServiceDefaults\Critters.Aspire.ServiceDefaults.csproj", "{FEF3EC27-4C57-8E5D-8897-29D105A98986}"
EndProject
Project("{2150E333-8FDC-42A3-9474-1A3956D46DE8}") = "deploy", "deploy", "{02EA681E-C7D8-13C7-8484-4AC65E1B71E8}"
EndProject
Project("{2150E333-8FDC-42A3-9474-1A3956D46DE8}") = "aspire", "aspire", "{4D3A1C70-CDBB-4E21-9EE0-0AC9A59F83B7}"
EndProject
Project("{2150E333-8FDC-42A3-9474-1A3956D46DE8}") = "src", "src", "{9030A58A-A93D-42F5-BF04-46446233DB97}"
EndProject
Project("{2150E333-8FDC-42A3-9474-1A3956D46DE8}") = "clients", "clients", "{E672DB84-B16F-4705-AF05-69661EC8042B}"
EndProject
Project("{2150E333-8FDC-42A3-9474-1A3956D46DE8}") = "WebUI", "WebUI", "{ECB2760F-090A-4BA3-AF8A-BB32153EB209}"
EndProject
Project("{2150E333-8FDC-42A3-9474-1A3956D46DE8}") = "AccessController", "AccessController", "{F12D5230-DBAC-4C99-A6EB-388C2E3E5263}"
EndProject
Project("{FAE04EC0-301F-11D3-BF4B-00C04F79EFBC}") = "Critters.Aspire.Domain", "Critters.Aspire.Domain\Critters.Aspire.Domain.csproj", "{73E364E2-4F67-4C92-925C-C5DD54C460F2}"
EndProject
Project("{FAE04EC0-301F-11D3-BF4B-00C04F79EFBC}") = "Critters.Aspire.Application", "Critters.Aspire.Application\Critters.Aspire.Application.csproj", "{61906730-9EB5-40A1-BA86-7C4DD2099DE5}"
EndProject
Project("{FAE04EC0-301F-11D3-BF4B-00C04F79EFBC}") = "Critters.Aspire.Infrastructure", "Critters.Aspire.Infrastructure\Critters.Aspire.Infrastructure.csproj", "{A6A4AF0C-D212-4DB3-92F5-76E96A3C339B}"
EndProject
Project("{FAE04EC0-301F-11D3-BF4B-00C04F79EFBC}") = "Critters.Aspire.AccessController", "Critters.Aspire.AccessController\Critters.Aspire.AccessController.csproj", "{55767529-7041-1BAA-6011-3CCD1C4C574E}"
EndProject
Project("{FAE04EC0-301F-11D3-BF4B-00C04F79EFBC}") = "Critters.Aspire.WebUI.Blazor", "Critters.Aspire.WebUI.Blazor\Critters.Aspire.WebUI.Blazor.csproj", "{942C3830-DAE9-4AC1-86F1-8B6E177D3B17}"
EndProject
Global
	GlobalSection(SolutionConfigurationPlatforms) = preSolution
		Debug|Any CPU = Debug|Any CPU
		Release|Any CPU = Release|Any CPU
	EndGlobalSection
	GlobalSection(ProjectConfigurationPlatforms) = postSolution
		{373DFAF8-29D7-4D78-AF8B-1F631F96EF5C}.Debug|Any CPU.ActiveCfg = Debug|Any CPU
		{373DFAF8-29D7-4D78-AF8B-1F631F96EF5C}.Debug|Any CPU.Build.0 = Debug|Any CPU
		{373DFAF8-29D7-4D78-AF8B-1F631F96EF5C}.Release|Any CPU.ActiveCfg = Release|Any CPU
		{373DFAF8-29D7-4D78-AF8B-1F631F96EF5C}.Release|Any CPU.Build.0 = Release|Any CPU
		{FEF3EC27-4C57-8E5D-8897-29D105A98986}.Debug|Any CPU.ActiveCfg = Debug|Any CPU
		{FEF3EC27-4C57-8E5D-8897-29D105A98986}.Debug|Any CPU.Build.0 = Debug|Any CPU
		{FEF3EC27-4C57-8E5D-8897-29D105A98986}.Release|Any CPU.ActiveCfg = Release|Any CPU
		{FEF3EC27-4C57-8E5D-8897-29D105A98986}.Release|Any CPU.Build.0 = Release|Any CPU
		{73E364E2-4F67-4C92-925C-C5DD54C460F2}.Debug|Any CPU.ActiveCfg = Debug|Any CPU
		{73E364E2-4F67-4C92-925C-C5DD54C460F2}.Debug|Any CPU.Build.0 = Debug|Any CPU
		{73E364E2-4F67-4C92-925C-C5DD54C460F2}.Release|Any CPU.ActiveCfg = Release|Any CPU
		{73E364E2-4F67-4C92-925C-C5DD54C460F2}.Release|Any CPU.Build.0 = Release|Any CPU
		{61906730-9EB5-40A1-BA86-7C4DD2099DE5}.Debug|Any CPU.ActiveCfg = Debug|Any CPU
		{61906730-9EB5-40A1-BA86-7C4DD2099DE5}.Debug|Any CPU.Build.0 = Debug|Any CPU
		{61906730-9EB5-40A1-BA86-7C4DD2099DE5}.Release|Any CPU.ActiveCfg = Release|Any CPU
		{61906730-9EB5-40A1-BA86-7C4DD2099DE5}.Release|Any CPU.Build.0 = Release|Any CPU
		{A6A4AF0C-D212-4DB3-92F5-76E96A3C339B}.Debug|Any CPU.ActiveCfg = Debug|Any CPU
		{A6A4AF0C-D212-4DB3-92F5-76E96A3C339B}.Debug|Any CPU.Build.0 = Debug|Any CPU
		{A6A4AF0C-D212-4DB3-92F5-76E96A3C339B}.Release|Any CPU.ActiveCfg = Release|Any CPU
		{A6A4AF0C-D212-4DB3-92F5-76E96A3C339B}.Release|Any CPU.Build.0 = Release|Any CPU
		{55767529-7041-1BAA-6011-3CCD1C4C574E}.Debug|Any CPU.ActiveCfg = Debug|Any CPU
		{55767529-7041-1BAA-6011-3CCD1C4C574E}.Debug|Any CPU.Build.0 = Debug|Any CPU
		{55767529-7041-1BAA-6011-3CCD1C4C574E}.Release|Any CPU.ActiveCfg = Release|Any CPU
		{55767529-7041-1BAA-6011-3CCD1C4C574E}.Release|Any CPU.Build.0 = Release|Any CPU
		{942C3830-DAE9-4AC1-86F1-8B6E177D3B17}.Debug|Any CPU.ActiveCfg = Debug|Any CPU
		{942C3830-DAE9-4AC1-86F1-8B6E177D3B17}.Debug|Any CPU.Build.0 = Debug|Any CPU
		{942C3830-DAE9-4AC1-86F1-8B6E177D3B17}.Release|Any CPU.ActiveCfg = Release|Any CPU
		{942C3830-DAE9-4AC1-86F1-8B6E177D3B17}.Release|Any CPU.Build.0 = Release|Any CPU
	EndGlobalSection
	GlobalSection(SolutionProperties) = preSolution
		HideSolutionNode = FALSE
	EndGlobalSection
	GlobalSection(NestedProjects) = preSolution
		{373DFAF8-29D7-4D78-AF8B-1F631F96EF5C} = {4D3A1C70-CDBB-4E21-9EE0-0AC9A59F83B7}
		{FEF3EC27-4C57-8E5D-8897-29D105A98986} = {4D3A1C70-CDBB-4E21-9EE0-0AC9A59F83B7}
		{4D3A1C70-CDBB-4E21-9EE0-0AC9A59F83B7} = {02EA681E-C7D8-13C7-8484-4AC65E1B71E8}
		{E672DB84-B16F-4705-AF05-69661EC8042B} = {9030A58A-A93D-42F5-BF04-46446233DB97}
		{ECB2760F-090A-4BA3-AF8A-BB32153EB209} = {E672DB84-B16F-4705-AF05-69661EC8042B}
		{F12D5230-DBAC-4C99-A6EB-388C2E3E5263} = {E672DB84-B16F-4705-AF05-69661EC8042B}
		{73E364E2-4F67-4C92-925C-C5DD54C460F2} = {9030A58A-A93D-42F5-BF04-46446233DB97}
		{61906730-9EB5-40A1-BA86-7C4DD2099DE5} = {9030A58A-A93D-42F5-BF04-46446233DB97}
		{A6A4AF0C-D212-4DB3-92F5-76E96A3C339B} = {9030A58A-A93D-42F5-BF04-46446233DB97}
		{55767529-7041-1BAA-6011-3CCD1C4C574E} = {F12D5230-DBAC-4C99-A6EB-388C2E3E5263}
		{942C3830-DAE9-4AC1-86F1-8B6E177D3B17} = {ECB2760F-090A-4BA3-AF8A-BB32153EB209}
	EndGlobalSection
	GlobalSection(ExtensibilityGlobals) = postSolution
		SolutionGuid = {2099FC3F-F719-4051-9C2B-01917206F3EB}
	EndGlobalSection
EndGlobal
